
Microsoft Visual Studio Solution File, Format Version 12.00
# Visual Studio Version 17
VisualStudioVersion = 17.9.34622.214
MinimumVisualStudioVersion = 10.0.40219.1
Project("{FAE04EC0-301F-11D3-BF4B-00C04F79EFBC}") = "Uwagi", "Uwagi\Uwagi.csproj", "{145948F9-EC97-4E9B-8CAF-5FB9763CDF04}"
EndProject
Global
	GlobalSection(SolutionConfigurationPlatforms) = preSolution
		Debug|Any CPU = Debug|Any CPU
		Release|Any CPU = Release|Any CPU
	EndGlobalSection
	GlobalSection(ProjectConfigurationPlatforms) = postSolution
		{145948F9-EC97-4E9B-8CAF-5FB9763CDF04}.Debug|Any CPU.ActiveCfg = Release|Any CPU
		{145948F9-EC97-4E9B-8CAF-5FB9763CDF04}.Debug|Any CPU.Build.0 = Release|Any CPU
		{145948F9-EC97-4E9B-8CAF-5FB9763CDF04}.Debug|Any CPU.Deploy.0 = Release|Any CPU
		{145948F9-EC97-4E9B-8CAF-5FB9763CDF04}.Release|Any CPU.ActiveCfg = Release|Any CPU
		{145948F9-EC97-4E9B-8CAF-5FB9763CDF04}.Release|Any CPU.Build.0 = Release|Any CPU
		{145948F9-EC97-4E9B-8CAF-5FB9763CDF04}.Release|Any CPU.Deploy.0 = Release|Any CPU
	EndGlobalSection
	GlobalSection(SolutionProperties) = preSolution
		HideSolutionNode = FALSE
	EndGlobalSection
	GlobalSection(ExtensibilityGlobals) = postSolution
		SolutionGuid = {BCE62BE9-AD6B-48F9-AADD-A72AB7F8BE2F}
	EndGlobalSection
EndGlobal
